<?xml version="1.0" encoding="utf-8"?>
<Project ToolsVersion="4.0" xmlns="http://schemas.microsoft.com/developer/msbuild/2003">
  <ItemGroup>
    <Filter Include="源文件">
      <UniqueIdentifier>{4FC737F1-C7A5-4376-A066-2A32D752A2FF}</UniqueIdentifier>
      <Extensions>cpp;c;cc;cxx;c++;cppm;ixx;def;odl;idl;hpj;bat;asm;asmx</Extensions>
    </Filter>
    <Filter Include="头文件">
      <UniqueIdentifier>{93995380-89BD-4b04-88EB-625FBE52EBFB}</UniqueIdentifier>
      <Extensions>h;hh;hpp;hxx;h++;hm;inl;inc;ipp;xsd</Extensions>
    </Filter>
    <Filter Include="资源文件">
      <UniqueIdentifier>{67DA6AB6-F800-4c08-8B7A-83BB121AAD01}</UniqueIdentifier>
      <Extensions>rc;ico;cur;bmp;dlg;rc2;rct;bin;rgs;gif;jpg;jpeg;jpe;resx;tiff;tif;png;wav;mfcribbon-ms</Extensions>
    </Filter>
  </ItemGroup>
  <ItemGroup>
    <ClCompile Include="4-1 vector基础概念.cpp">
      <Filter>源文件</Filter>
    </ClCompile>
    <ClCompile Include="4-2 vector对象创建.cpp">
      <Filter>源文件</Filter>
    </ClCompile>
    <ClCompile Include="4-3 vector赋值操作.cpp">
      <Filter>源文件</Filter>
    </ClCompile>
    <ClCompile Include="4-4 vector数据插入.cpp">
      <Filter>源文件</Filter>
    </ClCompile>
    <ClCompile Include="4-5 vector数据删除.cpp">
      <Filter>源文件</Filter>
    </ClCompile>
    <ClCompile Include="4-6 vector扩容机制.cpp">
      <Filter>源文件</Filter>
    </ClCompile>
    <ClCompile Include="4-7 vector随机访问.cpp">
      <Filter>源文件</Filter>
    </ClCompile>
    <ClCompile Include="4-8 vector内存交换.cpp">
      <Filter>源文件</Filter>
    </ClCompile>
    <ClCompile Include="4-9 vector空间预留.cpp">
      <Filter>源文件</Filter>
    </ClCompile>
    <ClCompile Include="4-10 vector高效删除.cpp">
      <Filter>源文件</Filter>
    </ClCompile>
    <ClCompile Include="4-11 vector数据排序.cpp">
      <Filter>源文件</Filter>
    </ClCompile>
    <ClCompile Include="5-1 String基础概念.cpp">
      <Filter>源文件</Filter>
    </ClCompile>
    <ClCompile Include="5-2 String对象创建.cpp">
      <Filter>源文件</Filter>
    </ClCompile>
    <ClCompile Include="5-3 String赋值操作.cpp">
      <Filter>源文件</Filter>
    </ClCompile>
    <ClCompile Include="5-4 String拼接操作.cpp">
      <Filter>源文件</Filter>
    </ClCompile>
    <ClCompile Include="5-5 String比较操作.cpp">
      <Filter>源文件</Filter>
    </ClCompile>
    <ClCompile Include="5-6 String随机访问.cpp">
      <Filter>源文件</Filter>
    </ClCompile>
    <ClCompile Include="icpc_1.cpp">
      <Filter>源文件</Filter>
    </ClCompile>
    <ClCompile Include="5-7 String数据插入.cpp">
      <Filter>源文件</Filter>
    </ClCompile>
    <ClCompile Include="5-8 String数据删除.cpp">
      <Filter>源文件</Filter>
    </ClCompile>
    <ClCompile Include="5-9 String数据查找.cpp">
      <Filter>源文件</Filter>
    </ClCompile>
    <ClCompile Include="5-10 String数据替换.cpp">
      <Filter>源文件</Filter>
    </ClCompile>
    <ClCompile Include="5-11 String字串获取.cpp">
      <Filter>源文件</Filter>
    </ClCompile>
    <ClCompile Include="练习5-1 String动态口令.cpp">
      <Filter>源文件</Filter>
    </ClCompile>
    <ClCompile Include="练习5-2 查找包给定字符的单词.cpp">
      <Filter>源文件</Filter>
    </ClCompile>
    <ClCompile Include="6-1 Deque基础概念.cpp">
      <Filter>源文件</Filter>
    </ClCompile>
    <ClCompile Include="6-2 Deque对象创建.cpp">
      <Filter>源文件</Filter>
    </ClCompile>
    <ClCompile Include="6-3 Deque赋值操作.cpp">
      <Filter>源文件</Filter>
    </ClCompile>
    <ClCompile Include="6-4 Deque大小操作.cpp">
      <Filter>源文件</Filter>
    </ClCompile>
    <ClCompile Include="Atcoder_1.cpp">
      <Filter>源文件</Filter>
    </ClCompile>
    <ClCompile Include="Atcoder_2.cpp">
      <Filter>源文件</Filter>
    </ClCompile>
    <ClCompile Include="6-5 Deque数据插入.cpp">
      <Filter>源文件</Filter>
    </ClCompile>
    <ClCompile Include="6-6 Deque数据删除.cpp">
      <Filter>源文件</Filter>
    </ClCompile>
    <ClCompile Include="6-8 Deque随机访问.cpp">
      <Filter>源文件</Filter>
    </ClCompile>
  </ItemGroup>
</Project>